<?xml version="1.0" encoding="utf-8"?>
<Project ToolsVersion="4.0" xmlns="http://schemas.microsoft.com/developer/msbuild/2003">
  <ItemGroup>
    <ImageContentTask Include="logo_small.png" />
    <ImageContentTask Include="grass.jpg" />
    <ImageContentTask Include="white.jpg" />
    <ImageContentTask Include="crosshair.png" />
    <ImageContentTask Include="metal_03_color_1k.png" />
    <ImageContentTask Include="floor_tiles_06_basecolor_1k.png" />
    <ImageContentTask Include="floor_tiles_06_ambient_occlusion_1k.png" />
    <ImageContentTask Include="pistol1.png" />
    <ImageContentTask Include="pistol2.png" />
    <ImageContentTask Include="pistol3.png" />
    <ImageContentTask Include="pistol4.png" />
    <ImageContentTask Include="croshair.png" />
    <ImageContentTask Include="LegoUV2.png" />
    <ImageContentTask Include="texture\han belt.png" />
    <ImageContentTask Include="texture\hair.png" />
    <ImageContentTask Include="texture\han arm.png" />
    <ImageContentTask Include="texture\han chest.png" />
    <ImageContentTask Include="texture\han face.png" />
    <ImageContentTask Include="texture\han leg.png" />
    <ImageContentTask Include="green_button00.png" />
    <ImageContentTask Include="grey_button00.png" />
  </ItemGroup>
  <ItemGroup>
    <Image Include="bricks-wall-06_color_1k.png" />
    <Image Include="pistol5.png" />
    <Image Include="1024px-Crosshairs_Red.svg.png" />
  </ItemGroup>
</Project>